PODS:
  - ObjectClassification (1.1.0)

DEPENDENCIES:
  - ObjectClassification (from `../`)

EXTERNAL SOURCES:
  ObjectClassification:
    :path: "../"

SPEC CHECKSUMS:
  ObjectClassification: 43048c65a80e30f6c66b90c83cfec57619d27f70

PODFILE CHECKSUM: 26865716ced1914f605dddbb81bac8c916089101

COCOAPODS: 1.10.0
