PODS:
  - ObjectClassification (0.1.0)

DEPENDENCIES:
  - ObjectClassification (from `../`)

EXTERNAL SOURCES:
  ObjectClassification:
    :path: "../"

SPEC CHECKSUMS:
  ObjectClassification: 1897cdea63be71ae3c2c7eba979651e34141d86e

PODFILE CHECKSUM: 26865716ced1914f605dddbb81bac8c916089101

COCOAPODS: 1.10.0
